
Microsoft Visual Studio Solution File, Format Version 12.00
# Visual Studio Version 16
VisualStudioVersion = 16.0.30320.27
MinimumVisualStudioVersion = 10.0.40219.1
Project("{9A19103F-16F7-4668-BE54-9A1E7A4F7556}") = "DemoAPI", "DemoAPI\DemoAPI.csproj", "{CD92409B-5DBC-47DF-94AB-BFA373163006}"
EndProject
Global
	GlobalSection(SolutionConfigurationPlatforms) = preSolution
		Debug|Any CPU = Debug|Any CPU
		Release|Any CPU = Release|Any CPU
	EndGlobalSection
	GlobalSection(ProjectConfigurationPlatforms) = postSolution
		{CD92409B-5DBC-47DF-94AB-BFA373163006}.Debug|Any CPU.ActiveCfg = Debug|Any CPU
		{CD92409B-5DBC-47DF-94AB-BFA373163006}.Debug|Any CPU.Build.0 = Debug|Any CPU
		{CD92409B-5DBC-47DF-94AB-BFA373163006}.Release|Any CPU.ActiveCfg = Release|Any CPU
		{CD92409B-5DBC-47DF-94AB-BFA373163006}.Release|Any CPU.Build.0 = Release|Any CPU
	EndGlobalSection
	GlobalSection(SolutionProperties) = preSolution
		HideSolutionNode = FALSE
	EndGlobalSection
	GlobalSection(ExtensibilityGlobals) = postSolution
		SolutionGuid = {F6B0EE93-F42F-48D7-97F4-67FF8FE36A57}
	EndGlobalSection
EndGlobal
